
Microsoft Visual Studio Solution File, Format Version 12.00
# Visual Studio 15
VisualStudioVersion = 15.0.27428.2005
MinimumVisualStudioVersion = 10.0.40219.1
Project("{FAE04EC0-301F-11D3-BF4B-00C04F79EFBC}") = "LC2", "LC2\LC2.csproj", "{5E2F4F21-0B55-4154-96A4-FA9657DED3B9}"
EndProject
Global
	GlobalSection(SolutionConfigurationPlatforms) = preSolution
		Debug|Any CPU = Debug|Any CPU
		Release|Any CPU = Release|Any CPU
	EndGlobalSection
	GlobalSection(ProjectConfigurationPlatforms) = postSolution
		{5E2F4F21-0B55-4154-96A4-FA9657DED3B9}.Debug|Any CPU.ActiveCfg = Debug|Any CPU
		{5E2F4F21-0B55-4154-96A4-FA9657DED3B9}.Debug|Any CPU.Build.0 = Debug|Any CPU
		{5E2F4F21-0B55-4154-96A4-FA9657DED3B9}.Release|Any CPU.ActiveCfg = Release|Any CPU
		{5E2F4F21-0B55-4154-96A4-FA9657DED3B9}.Release|Any CPU.Build.0 = Release|Any CPU
	EndGlobalSection
	GlobalSection(SolutionProperties) = preSolution
		HideSolutionNode = FALSE
	EndGlobalSection
	GlobalSection(ExtensibilityGlobals) = postSolution
		SolutionGuid = {919FC2C0-97A3-4F2D-9D46-88E46CA211F1}
	EndGlobalSection
EndGlobal
